{
  "originHash" : "fa7ab4bc9518bd495b4c17d8a96bebc401eb5a2f99ae8b4bc316b04b7b2aea05",
  "pins" : [
    {
      "identity" : "swiftsdk",
      "kind" : "remoteSourceControl",
      "location" : "https://github.com/TelemetryDeck/SwiftSDK",
      "state" : {
        "revision" : "9658792df8ff223d108ab73e348446791b6d3cc1",
        "version" : "2.9.5"
      }
    }
  ],
  "version" : 3
}
