// !$*UTF8*$!
{
	archiveVersion = 1;
	classes = {
	};
	objectVersion = 63;
	objects = {

/* Begin PBXBuildFile section */
		0FAB23981C8EF7EA1D06B6EF /* QuitConfirm.swift in Sources */ = {isa = PBXBuildFile; fileRef = D534DF51BE93EE327D50E18A /* QuitConfirm.swift */; };
		26558C2C6DBBE818D5F214DF /* RegionBuilder.swift in Sources */ = {isa = PBXBuildFile; fileRef = 22BB3C1DDAEBF71B36223E1D /* RegionBuilder.swift */; };
		2EF111B8CDDD7BF0208BB047 /* SensitivityDetector.swift in Sources */ = {isa = PBXBuildFile; fileRef = EE3E9054364A1332552CBB7F /* SensitivityDetector.swift */; };
		362F3CF7A70BE1AC02B75D04 /* RedactionTests.swift in Sources */ = {isa = PBXBuildFile; fileRef = 944C76F6691E559C153A4DAC /* RedactionTests.swift */; };
		3BA95F31296669FC4EF896BF /* TelemetryDeck in Frameworks */ = {isa = PBXBuildFile; productRef = 2CAC7442391BC7A3EBC53C03 /* TelemetryDeck */; };
		489803F02C1896B658B0DB4B /* ScreenshotLocationManager.swift in Sources */ = {isa = PBXBuildFile; fileRef = 67A7671EAD472442703B36E5 /* ScreenshotLocationManager.swift */; };
		5BC8F0CEC2E7F0E7CC5897F1 /* DirectoryWatcher.swift in Sources */ = {isa = PBXBuildFile; fileRef = A95E61B4E27793C88D369C39 /* DirectoryWatcher.swift */; };
		69234BC08CC54DADD3945D22 /* TextRecognizer.swift in Sources */ = {isa = PBXBuildFile; fileRef = C04676A67F105943C579F057 /* TextRecognizer.swift */; };
		78B8BE6361766030DE06DEA9 /* ShareLinkManager.swift in Sources */ = {isa = PBXBuildFile; fileRef = 4C0CDACA7EF5B219911F9ABA /* ShareLinkManager.swift */; };
		79F13998C25A724FFECD6281 /* MenuBarView.swift in Sources */ = {isa = PBXBuildFile; fileRef = 466965AF2013332E81FCE09B /* MenuBarView.swift */; };
		85ABF5A38C53AB12797A37DF /* PickleApp.swift in Sources */ = {isa = PBXBuildFile; fileRef = 534516AA342599C25AD7E3D6 /* PickleApp.swift */; };
		8B3A205130BF927E10CABB63 /* ScreenshotStore.swift in Sources */ = {isa = PBXBuildFile; fileRef = 8D14BE45CE3D6843594B9F5D /* ScreenshotStore.swift */; };
		8BDF58D67678B67EB134A464 /* Toast.swift in Sources */ = {isa = PBXBuildFile; fileRef = 6AF51D3511DD32CC818F1C1F /* Toast.swift */; };
		91D1711FFCCD95774BDD6B88 /* SettingsView.swift in Sources */ = {isa = PBXBuildFile; fileRef = 66172908FD6DC2DA511451EF /* SettingsView.swift */; };
		9E215C2DA47C997B075C8081 /* Assets.xcassets in Resources */ = {isa = PBXBuildFile; fileRef = E077091C50CEA3FF3B5ADE68 /* Assets.xcassets */; };
		A2A04F146B667DF64B786C8B /* QuickLookPreviewController.swift in Sources */ = {isa = PBXBuildFile; fileRef = 9C7EB57F8E4716774F1C6045 /* QuickLookPreviewController.swift */; };
		A33C24DF1A4B4C3B0EFC9294 /* ImageRedactor.swift in Sources */ = {isa = PBXBuildFile; fileRef = 1991618B6421D2784953FADE /* ImageRedactor.swift */; };
		B25393EC60CCCF9333D9D529 /* AnalyticsService.swift in Sources */ = {isa = PBXBuildFile; fileRef = FE899601B1B6C5502DA06D9D /* AnalyticsService.swift */; };
		B5D77B6B099E1FB34C69ACB9 /* LaunchAtLoginService.swift in Sources */ = {isa = PBXBuildFile; fileRef = 8753957802A59CCD0F597C6B /* LaunchAtLoginService.swift */; };
		BBD1767610179124FE4B1AAA /* RedactionService.swift in Sources */ = {isa = PBXBuildFile; fileRef = 900134AA9619665D552EC159 /* RedactionService.swift */; };
		D3B27AEC7A13614BC041A8FD /* ScreenshotFolderResolver.swift in Sources */ = {isa = PBXBuildFile; fileRef = B5048F7DFA271A533E60C6A9 /* ScreenshotFolderResolver.swift */; };
		E93934ABDE50C2D6A2141AFB /* ScreenshotLocationPromptView.swift in Sources */ = {isa = PBXBuildFile; fileRef = 1D517B04C5636C890921DB20 /* ScreenshotLocationPromptView.swift */; };
/* End PBXBuildFile section */

/* Begin PBXContainerItemProxy section */
		388C903AD436B35F92955C81 /* PBXContainerItemProxy */ = {
			isa = PBXContainerItemProxy;
			containerPortal = 3FB8EC58C02ECBE1D2074A2B /* Project object */;
			proxyType = 1;
			remoteGlobalIDString = 253AD4C7EB308D46442FB3F8;
			remoteInfo = Pickle;
		};
/* End PBXContainerItemProxy section */

/* Begin PBXFileReference section */
		1991618B6421D2784953FADE /* ImageRedactor.swift */ = {isa = PBXFileReference; lastKnownFileType = sourcecode.swift; path = ImageRedactor.swift; sourceTree = "<group>"; };
		1D517B04C5636C890921DB20 /* ScreenshotLocationPromptView.swift */ = {isa = PBXFileReference; lastKnownFileType = sourcecode.swift; path = ScreenshotLocationPromptView.swift; sourceTree = "<group>"; };
		22BB3C1DDAEBF71B36223E1D /* RegionBuilder.swift */ = {isa = PBXFileReference; lastKnownFileType = sourcecode.swift; path = RegionBuilder.swift; sourceTree = "<group>"; };
		466965AF2013332E81FCE09B /* MenuBarView.swift */ = {isa = PBXFileReference; lastKnownFileType = sourcecode.swift; path = MenuBarView.swift; sourceTree = "<group>"; };
		4C0CDACA7EF5B219911F9ABA /* ShareLinkManager.swift */ = {isa = PBXFileReference; lastKnownFileType = sourcecode.swift; path = ShareLinkManager.swift; sourceTree = "<group>"; };
		534516AA342599C25AD7E3D6 /* PickleApp.swift */ = {isa = PBXFileReference; lastKnownFileType = sourcecode.swift; path = PickleApp.swift; sourceTree = "<group>"; };
		5E36B97967045314E2980941 /* Pickle.entitlements */ = {isa = PBXFileReference; lastKnownFileType = text.plist.entitlements; path = Pickle.entitlements; sourceTree = "<group>"; };
		66172908FD6DC2DA511451EF /* SettingsView.swift */ = {isa = PBXFileReference; lastKnownFileType = sourcecode.swift; path = SettingsView.swift; sourceTree = "<group>"; };
		67A7671EAD472442703B36E5 /* ScreenshotLocationManager.swift */ = {isa = PBXFileReference; lastKnownFileType = sourcecode.swift; path = ScreenshotLocationManager.swift; sourceTree = "<group>"; };
		6AF51D3511DD32CC818F1C1F /* Toast.swift */ = {isa = PBXFileReference; lastKnownFileType = sourcecode.swift; path = Toast.swift; sourceTree = "<group>"; };
		8753957802A59CCD0F597C6B /* LaunchAtLoginService.swift */ = {isa = PBXFileReference; lastKnownFileType = sourcecode.swift; path = LaunchAtLoginService.swift; sourceTree = "<group>"; };
		8D14BE45CE3D6843594B9F5D /* ScreenshotStore.swift */ = {isa = PBXFileReference; lastKnownFileType = sourcecode.swift; path = ScreenshotStore.swift; sourceTree = "<group>"; };
		900134AA9619665D552EC159 /* RedactionService.swift */ = {isa = PBXFileReference; lastKnownFileType = sourcecode.swift; path = RedactionService.swift; sourceTree = "<group>"; };
		9120C5037B894B16B10999A0 /* Pickle.app */ = {isa = PBXFileReference; explicitFileType = wrapper.application; includeInIndex = 0; path = Pickle.app; sourceTree = BUILT_PRODUCTS_DIR; };
		944C76F6691E559C153A4DAC /* RedactionTests.swift */ = {isa = PBXFileReference; lastKnownFileType = sourcecode.swift; path = RedactionTests.swift; sourceTree = "<group>"; };
		9C7EB57F8E4716774F1C6045 /* QuickLookPreviewController.swift */ = {isa = PBXFileReference; lastKnownFileType = sourcecode.swift; path = QuickLookPreviewController.swift; sourceTree = "<group>"; };
		9FADF69DC42C78EA8EFDEE5E /* PickleTests.xctest */ = {isa = PBXFileReference; explicitFileType = wrapper.cfbundle; includeInIndex = 0; path = PickleTests.xctest; sourceTree = BUILT_PRODUCTS_DIR; };
		A95E61B4E27793C88D369C39 /* DirectoryWatcher.swift */ = {isa = PBXFileReference; lastKnownFileType = sourcecode.swift; path = DirectoryWatcher.swift; sourceTree = "<group>"; };
		B5048F7DFA271A533E60C6A9 /* ScreenshotFolderResolver.swift */ = {isa = PBXFileReference; lastKnownFileType = sourcecode.swift; path = ScreenshotFolderResolver.swift; sourceTree = "<group>"; };
		BC0CCDB99D7EE6F281F2B83F /* Info.plist */ = {isa = PBXFileReference; lastKnownFileType = text.plist; path = Info.plist; sourceTree = "<group>"; };
		C04676A67F105943C579F057 /* TextRecognizer.swift */ = {isa = PBXFileReference; lastKnownFileType = sourcecode.swift; path = TextRecognizer.swift; sourceTree = "<group>"; };
		D534DF51BE93EE327D50E18A /* QuitConfirm.swift */ = {isa = PBXFileReference; lastKnownFileType = sourcecode.swift; path = QuitConfirm.swift; sourceTree = "<group>"; };
		E077091C50CEA3FF3B5ADE68 /* Assets.xcassets */ = {isa = PBXFileReference; lastKnownFileType = folder.assetcatalog; path = Assets.xcassets; sourceTree = "<group>"; };
		EE3E9054364A1332552CBB7F /* SensitivityDetector.swift */ = {isa = PBXFileReference; lastKnownFileType = sourcecode.swift; path = SensitivityDetector.swift; sourceTree = "<group>"; };
		FE899601B1B6C5502DA06D9D /* AnalyticsService.swift */ = {isa = PBXFileReference; lastKnownFileType = sourcecode.swift; path = AnalyticsService.swift; sourceTree = "<group>"; };
/* End PBXFileReference section */

/* Begin PBXFrameworksBuildPhase section */
		0A526E8A89740DAFB6AB362F /* Frameworks */ = {
			isa = PBXFrameworksBuildPhase;
			buildActionMask = 2147483647;
			files = (
				3BA95F31296669FC4EF896BF /* TelemetryDeck in Frameworks */,
			);
			runOnlyForDeploymentPostprocessing = 0;
		};
/* End PBXFrameworksBuildPhase section */

/* Begin PBXGroup section */
		03FB40DACD00D06ED27FD89C /* Tests */ = {
			isa = PBXGroup;
			children = (
				944C76F6691E559C153A4DAC /* RedactionTests.swift */,
			);
			name = Tests;
			path = Sources/Tests;
			sourceTree = "<group>";
		};
		1A8E23A5AF5095EB29BE7FA7 /* Preview */ = {
			isa = PBXGroup;
			children = (
				9C7EB57F8E4716774F1C6045 /* QuickLookPreviewController.swift */,
			);
			path = Preview;
			sourceTree = "<group>";
		};
		1DA2375101ECF45FDA56FC46 = {
			isa = PBXGroup;
			children = (
				81A05468F95BD2CD70DB209A /* Sources */,
				03FB40DACD00D06ED27FD89C /* Tests */,
				2AF6FE913AE22F049812DAD4 /* Products */,
			);
			sourceTree = "<group>";
		};
		288D42790E3C17FEF8519E6F /* Model */ = {
			isa = PBXGroup;
			children = (
				8D14BE45CE3D6843594B9F5D /* ScreenshotStore.swift */,
			);
			path = Model;
			sourceTree = "<group>";
		};
		2AF6FE913AE22F049812DAD4 /* Products */ = {
			isa = PBXGroup;
			children = (
				9120C5037B894B16B10999A0 /* Pickle.app */,
				9FADF69DC42C78EA8EFDEE5E /* PickleTests.xctest */,
			);
			name = Products;
			sourceTree = "<group>";
		};
		2C596A39DDD2D1F129257A85 /* Detect */ = {
			isa = PBXGroup;
			children = (
				22BB3C1DDAEBF71B36223E1D /* RegionBuilder.swift */,
				EE3E9054364A1332552CBB7F /* SensitivityDetector.swift */,
			);
			path = Detect;
			sourceTree = "<group>";
		};
		49D90839357FAA03DDC935A2 /* Process */ = {
			isa = PBXGroup;
			children = (
				1991618B6421D2784953FADE /* ImageRedactor.swift */,
			);
			path = Process;
			sourceTree = "<group>";
		};
		4FCB8192013E09B028C7A06D /* OCR */ = {
			isa = PBXGroup;
			children = (
				C04676A67F105943C579F057 /* TextRecognizer.swift */,
			);
			path = OCR;
			sourceTree = "<group>";
		};
		6E9BADB6801229EA75576902 /* Services */ = {
			isa = PBXGroup;
			children = (
				FE899601B1B6C5502DA06D9D /* AnalyticsService.swift */,
				A95E61B4E27793C88D369C39 /* DirectoryWatcher.swift */,
				8753957802A59CCD0F597C6B /* LaunchAtLoginService.swift */,
				D534DF51BE93EE327D50E18A /* QuitConfirm.swift */,
				900134AA9619665D552EC159 /* RedactionService.swift */,
				B5048F7DFA271A533E60C6A9 /* ScreenshotFolderResolver.swift */,
				67A7671EAD472442703B36E5 /* ScreenshotLocationManager.swift */,
				4C0CDACA7EF5B219911F9ABA /* ShareLinkManager.swift */,
			);
			path = Services;
			sourceTree = "<group>";
		};
		81A05468F95BD2CD70DB209A /* Sources */ = {
			isa = PBXGroup;
			children = (
				E077091C50CEA3FF3B5ADE68 /* Assets.xcassets */,
				BC0CCDB99D7EE6F281F2B83F /* Info.plist */,
				5E36B97967045314E2980941 /* Pickle.entitlements */,
				534516AA342599C25AD7E3D6 /* PickleApp.swift */,
				288D42790E3C17FEF8519E6F /* Model */,
				1A8E23A5AF5095EB29BE7FA7 /* Preview */,
				A2DFC1FB15F12DAFD9AF20CF /* Redaction */,
				6E9BADB6801229EA75576902 /* Services */,
				DC533D1A7C8734DE504F2546 /* Views */,
			);
			path = Sources;
			sourceTree = "<group>";
		};
		A2DFC1FB15F12DAFD9AF20CF /* Redaction */ = {
			isa = PBXGroup;
			children = (
				2C596A39DDD2D1F129257A85 /* Detect */,
				4FCB8192013E09B028C7A06D /* OCR */,
				49D90839357FAA03DDC935A2 /* Process */,
			);
			path = Redaction;
			sourceTree = "<group>";
		};
		DC533D1A7C8734DE504F2546 /* Views */ = {
			isa = PBXGroup;
			children = (
				466965AF2013332E81FCE09B /* MenuBarView.swift */,
				1D517B04C5636C890921DB20 /* ScreenshotLocationPromptView.swift */,
				66172908FD6DC2DA511451EF /* SettingsView.swift */,
				6AF51D3511DD32CC818F1C1F /* Toast.swift */,
			);
			path = Views;
			sourceTree = "<group>";
		};
/* End PBXGroup section */

/* Begin PBXNativeTarget section */
		253AD4C7EB308D46442FB3F8 /* Pickle */ = {
			isa = PBXNativeTarget;
			buildConfigurationList = 19616F8D2228D380F532A121 /* Build configuration list for PBXNativeTarget "Pickle" */;
			buildPhases = (
				E63DE567D166EDB9A1AE3A5E /* Sources */,
				C846691DAA6416E7A97D7A7E /* Resources */,
				0A526E8A89740DAFB6AB362F /* Frameworks */,
			);
			buildRules = (
			);
			dependencies = (
			);
			name = Pickle;
			packageProductDependencies = (
				2CAC7442391BC7A3EBC53C03 /* TelemetryDeck */,
			);
			productName = Pickle;
			productReference = 9120C5037B894B16B10999A0 /* Pickle.app */;
			productType = "com.apple.product-type.application";
		};
		D11CB16B52875C93370F5938 /* PickleTests */ = {
			isa = PBXNativeTarget;
			buildConfigurationList = EAB6077902260AE373D07F85 /* Build configuration list for PBXNativeTarget "PickleTests" */;
			buildPhases = (
				67B675A5D922C587F503A0BF /* Sources */,
			);
			buildRules = (
			);
			dependencies = (
				FFD397DBBD63BBD8411008F2 /* PBXTargetDependency */,
			);
			name = PickleTests;
			packageProductDependencies = (
			);
			productName = PickleTests;
			productReference = 9FADF69DC42C78EA8EFDEE5E /* PickleTests.xctest */;
			productType = "com.apple.product-type.bundle.unit-test";
		};
/* End PBXNativeTarget section */

/* Begin PBXProject section */
		3FB8EC58C02ECBE1D2074A2B /* Project object */ = {
			isa = PBXProject;
			attributes = {
				BuildIndependentTargetsInParallel = YES;
				LastUpgradeCheck = 1500;
			};
			buildConfigurationList = 858CF7F293620E860635766B /* Build configuration list for PBXProject "Pickle" */;
			compatibilityVersion = "Xcode 14.0";
			developmentRegion = en;
			hasScannedForEncodings = 0;
			knownRegions = (
				Base,
				en,
			);
			mainGroup = 1DA2375101ECF45FDA56FC46;
			minimizedProjectReferenceProxies = 1;
			packageReferences = (
				6BF3A199A58F66EACFC5BD5F /* XCRemoteSwiftPackageReference "SwiftSDK" */,
			);
			projectDirPath = "";
			projectRoot = "";
			targets = (
				253AD4C7EB308D46442FB3F8 /* Pickle */,
				D11CB16B52875C93370F5938 /* PickleTests */,
			);
		};
/* End PBXProject section */

/* Begin PBXResourcesBuildPhase section */
		C846691DAA6416E7A97D7A7E /* Resources */ = {
			isa = PBXResourcesBuildPhase;
			buildActionMask = 2147483647;
			files = (
				9E215C2DA47C997B075C8081 /* Assets.xcassets in Resources */,
			);
			runOnlyForDeploymentPostprocessing = 0;
		};
/* End PBXResourcesBuildPhase section */

/* Begin PBXSourcesBuildPhase section */
		67B675A5D922C587F503A0BF /* Sources */ = {
			isa = PBXSourcesBuildPhase;
			buildActionMask = 2147483647;
			files = (
				362F3CF7A70BE1AC02B75D04 /* RedactionTests.swift in Sources */,
			);
			runOnlyForDeploymentPostprocessing = 0;
		};
		E63DE567D166EDB9A1AE3A5E /* Sources */ = {
			isa = PBXSourcesBuildPhase;
			buildActionMask = 2147483647;
			files = (
				B25393EC60CCCF9333D9D529 /* AnalyticsService.swift in Sources */,
				5BC8F0CEC2E7F0E7CC5897F1 /* DirectoryWatcher.swift in Sources */,
				A33C24DF1A4B4C3B0EFC9294 /* ImageRedactor.swift in Sources */,
				B5D77B6B099E1FB34C69ACB9 /* LaunchAtLoginService.swift in Sources */,
				79F13998C25A724FFECD6281 /* MenuBarView.swift in Sources */,
				85ABF5A38C53AB12797A37DF /* PickleApp.swift in Sources */,
				A2A04F146B667DF64B786C8B /* QuickLookPreviewController.swift in Sources */,
				0FAB23981C8EF7EA1D06B6EF /* QuitConfirm.swift in Sources */,
				BBD1767610179124FE4B1AAA /* RedactionService.swift in Sources */,
				26558C2C6DBBE818D5F214DF /* RegionBuilder.swift in Sources */,
				D3B27AEC7A13614BC041A8FD /* ScreenshotFolderResolver.swift in Sources */,
				489803F02C1896B658B0DB4B /* ScreenshotLocationManager.swift in Sources */,
				E93934ABDE50C2D6A2141AFB /* ScreenshotLocationPromptView.swift in Sources */,
				8B3A205130BF927E10CABB63 /* ScreenshotStore.swift in Sources */,
				2EF111B8CDDD7BF0208BB047 /* SensitivityDetector.swift in Sources */,
				91D1711FFCCD95774BDD6B88 /* SettingsView.swift in Sources */,
				78B8BE6361766030DE06DEA9 /* ShareLinkManager.swift in Sources */,
				69234BC08CC54DADD3945D22 /* TextRecognizer.swift in Sources */,
				8BDF58D67678B67EB134A464 /* Toast.swift in Sources */,
			);
			runOnlyForDeploymentPostprocessing = 0;
		};
/* End PBXSourcesBuildPhase section */

/* Begin PBXTargetDependency section */
		FFD397DBBD63BBD8411008F2 /* PBXTargetDependency */ = {
			isa = PBXTargetDependency;
			target = 253AD4C7EB308D46442FB3F8 /* Pickle */;
			targetProxy = 388C903AD436B35F92955C81 /* PBXContainerItemProxy */;
		};
/* End PBXTargetDependency section */

/* Begin XCBuildConfiguration section */
		18398DCFA98DB8156EFA1F3C /* Release */ = {
			isa = XCBuildConfiguration;
			buildSettings = {
				ALWAYS_SEARCH_USER_PATHS = NO;
				CLANG_ANALYZER_NONNULL = YES;
				CLANG_ANALYZER_NUMBER_OBJECT_CONVERSION = YES_AGGRESSIVE;
				CLANG_CXX_LANGUAGE_STANDARD = "gnu++14";
				CLANG_CXX_LIBRARY = "libc++";
				CLANG_ENABLE_MODULES = YES;
				CLANG_ENABLE_OBJC_ARC = YES;
				CLANG_ENABLE_OBJC_WEAK = YES;
				CLANG_WARN_BLOCK_CAPTURE_AUTORELEASING = YES;
				CLANG_WARN_BOOL_CONVERSION = YES;
				CLANG_WARN_COMMA = YES;
				CLANG_WARN_CONSTANT_CONVERSION = YES;
				CLANG_WARN_DEPRECATED_OBJC_IMPLEMENTATIONS = YES;
				CLANG_WARN_DIRECT_OBJC_ISA_USAGE = YES_ERROR;
				CLANG_WARN_DOCUMENTATION_COMMENTS = YES;
				CLANG_WARN_EMPTY_BODY = YES;
				CLANG_WARN_ENUM_CONVERSION = YES;
				CLANG_WARN_INFINITE_RECURSION = YES;
				CLANG_WARN_INT_CONVERSION = YES;
				CLANG_WARN_NON_LITERAL_NULL_CONVERSION = YES;
				CLANG_WARN_OBJC_IMPLICIT_RETAIN_SELF = YES;
				CLANG_WARN_OBJC_LITERAL_CONVERSION = YES;
				CLANG_WARN_OBJC_ROOT_CLASS = YES_ERROR;
				CLANG_WARN_QUOTED_INCLUDE_IN_FRAMEWORK_HEADER = YES;
				CLANG_WARN_RANGE_LOOP_ANALYSIS = YES;
				CLANG_WARN_STRICT_PROTOTYPES = YES;
				CLANG_WARN_SUSPICIOUS_MOVE = YES;
				CLANG_WARN_UNGUARDED_AVAILABILITY = YES_AGGRESSIVE;
				CLANG_WARN_UNREACHABLE_CODE = YES;
				CLANG_WARN__DUPLICATE_METHOD_MATCH = YES;
				COPY_PHASE_STRIP = NO;
				DEBUG_INFORMATION_FORMAT = "dwarf-with-dsym";
				ENABLE_NS_ASSERTIONS = NO;
				ENABLE_STRICT_OBJC_MSGSEND = YES;
				GCC_C_LANGUAGE_STANDARD = gnu11;
				GCC_NO_COMMON_BLOCKS = YES;
				GCC_WARN_64_TO_32_BIT_CONVERSION = YES;
				GCC_WARN_ABOUT_RETURN_TYPE = YES_ERROR;
				GCC_WARN_UNDECLARED_SELECTOR = YES;
				GCC_WARN_UNINITIALIZED_AUTOS = YES_AGGRESSIVE;
				GCC_WARN_UNUSED_FUNCTION = YES;
				GCC_WARN_UNUSED_VARIABLE = YES;
				MACOSX_DEPLOYMENT_TARGET = 13.0;
				MTL_ENABLE_DEBUG_INFO = NO;
				MTL_FAST_MATH = YES;
				PRODUCT_NAME = "$(TARGET_NAME)";
				SDKROOT = macosx;
				SWIFT_COMPILATION_MODE = wholemodule;
				SWIFT_OPTIMIZATION_LEVEL = "-O";
				SWIFT_VERSION = 5.0;
			};
			name = Release;
		};
		37CB2D3F58C24FD6D6F71780 /* Release */ = {
			isa = XCBuildConfiguration;
			buildSettings = {
				BUNDLE_LOADER = "$(TEST_HOST)";
				COMBINE_HIDPI_IMAGES = YES;
				GENERATE_INFOPLIST_FILE = YES;
				LD_RUNPATH_SEARCH_PATHS = (
					"$(inherited)",
					"@executable_path/../Frameworks",
					"@loader_path/../Frameworks",
				);
				MACOSX_DEPLOYMENT_TARGET = 14.0;
				PRODUCT_BUNDLE_IDENTIFIER = app.pickleformac.pickleTests;
				SDKROOT = macosx;
				TEST_HOST = "$(BUILT_PRODUCTS_DIR)/Pickle.app/Contents/MacOS/Pickle";
			};
			name = Release;
		};
		3954CBBA58120A29937EF179 /* Release */ = {
			isa = XCBuildConfiguration;
			buildSettings = {
				ASSETCATALOG_COMPILER_APPICON_NAME = AppIcon;
				AUTOMATION_APPLE_EVENTS = NO;
				CODE_SIGN_ENTITLEMENTS = Sources/Pickle.entitlements;
				"CODE_SIGN_IDENTITY[sdk=macosx*]" = "Developer ID Application";
				CODE_SIGN_STYLE = Manual;
				COMBINE_HIDPI_IMAGES = YES;
				DEVELOPMENT_TEAM = "";
				"DEVELOPMENT_TEAM[sdk=macosx*]" = DHF9ZWJF5S;
				ENABLE_HARDENED_RUNTIME = YES;
				ENABLE_RESOURCE_ACCESS_AUDIO_INPUT = NO;
				ENABLE_RESOURCE_ACCESS_CALENDARS = NO;
				ENABLE_RESOURCE_ACCESS_CAMERA = NO;
				ENABLE_RESOURCE_ACCESS_CONTACTS = NO;
				ENABLE_RESOURCE_ACCESS_LOCATION = NO;
				ENABLE_RESOURCE_ACCESS_PHOTO_LIBRARY = NO;
				INFOPLIST_FILE = Sources/Info.plist;
				LD_RUNPATH_SEARCH_PATHS = (
					"$(inherited)",
					"@executable_path/../Frameworks",
				);
				MACOSX_DEPLOYMENT_TARGET = 14.0;
				MARKETING_VERSION = 1.0;
				PRODUCT_BUNDLE_IDENTIFIER = app.pickleformac.pickle;
				PROVISIONING_PROFILE_SPECIFIER = "";
				"PROVISIONING_PROFILE_SPECIFIER[sdk=macosx*]" = "";
				RUNTIME_EXCEPTION_ALLOW_DYLD_ENVIRONMENT_VARIABLES = NO;
				RUNTIME_EXCEPTION_ALLOW_JIT = NO;
				RUNTIME_EXCEPTION_ALLOW_UNSIGNED_EXECUTABLE_MEMORY = NO;
				RUNTIME_EXCEPTION_DEBUGGING_TOOL = NO;
				RUNTIME_EXCEPTION_DISABLE_EXECUTABLE_PAGE_PROTECTION = NO;
				RUNTIME_EXCEPTION_DISABLE_LIBRARY_VALIDATION = NO;
				SDKROOT = macosx;
			};
			name = Release;
		};
		4680DBC6076EE40DA9F25EED /* Debug */ = {
			isa = XCBuildConfiguration;
			buildSettings = {
				ASSETCATALOG_COMPILER_APPICON_NAME = AppIcon;
				AUTOMATION_APPLE_EVENTS = NO;
				CODE_SIGN_ENTITLEMENTS = Sources/Pickle.entitlements;
				"CODE_SIGN_IDENTITY[sdk=macosx*]" = "Developer ID Application";
				CODE_SIGN_STYLE = Manual;
				COMBINE_HIDPI_IMAGES = YES;
				DEVELOPMENT_TEAM = "";
				"DEVELOPMENT_TEAM[sdk=macosx*]" = DHF9ZWJF5S;
				ENABLE_HARDENED_RUNTIME = YES;
				ENABLE_RESOURCE_ACCESS_AUDIO_INPUT = NO;
				ENABLE_RESOURCE_ACCESS_CALENDARS = NO;
				ENABLE_RESOURCE_ACCESS_CAMERA = NO;
				ENABLE_RESOURCE_ACCESS_CONTACTS = NO;
				ENABLE_RESOURCE_ACCESS_LOCATION = NO;
				ENABLE_RESOURCE_ACCESS_PHOTO_LIBRARY = NO;
				INFOPLIST_FILE = Sources/Info.plist;
				LD_RUNPATH_SEARCH_PATHS = (
					"$(inherited)",
					"@executable_path/../Frameworks",
				);
				MACOSX_DEPLOYMENT_TARGET = 14.0;
				MARKETING_VERSION = 1.0;
				PRODUCT_BUNDLE_IDENTIFIER = app.pickleformac.pickle;
				PROVISIONING_PROFILE_SPECIFIER = "";
				"PROVISIONING_PROFILE_SPECIFIER[sdk=macosx*]" = "";
				RUNTIME_EXCEPTION_ALLOW_DYLD_ENVIRONMENT_VARIABLES = NO;
				RUNTIME_EXCEPTION_ALLOW_JIT = NO;
				RUNTIME_EXCEPTION_ALLOW_UNSIGNED_EXECUTABLE_MEMORY = NO;
				RUNTIME_EXCEPTION_DEBUGGING_TOOL = NO;
				RUNTIME_EXCEPTION_DISABLE_EXECUTABLE_PAGE_PROTECTION = NO;
				RUNTIME_EXCEPTION_DISABLE_LIBRARY_VALIDATION = NO;
				SDKROOT = macosx;
			};
			name = Debug;
		};
		663E9858642D4A5A832EB98B /* Debug */ = {
			isa = XCBuildConfiguration;
			buildSettings = {
				ALWAYS_SEARCH_USER_PATHS = NO;
				CLANG_ANALYZER_NONNULL = YES;
				CLANG_ANALYZER_NUMBER_OBJECT_CONVERSION = YES_AGGRESSIVE;
				CLANG_CXX_LANGUAGE_STANDARD = "gnu++14";
				CLANG_CXX_LIBRARY = "libc++";
				CLANG_ENABLE_MODULES = YES;
				CLANG_ENABLE_OBJC_ARC = YES;
				CLANG_ENABLE_OBJC_WEAK = YES;
				CLANG_WARN_BLOCK_CAPTURE_AUTORELEASING = YES;
				CLANG_WARN_BOOL_CONVERSION = YES;
				CLANG_WARN_COMMA = YES;
				CLANG_WARN_CONSTANT_CONVERSION = YES;
				CLANG_WARN_DEPRECATED_OBJC_IMPLEMENTATIONS = YES;
				CLANG_WARN_DIRECT_OBJC_ISA_USAGE = YES_ERROR;
				CLANG_WARN_DOCUMENTATION_COMMENTS = YES;
				CLANG_WARN_EMPTY_BODY = YES;
				CLANG_WARN_ENUM_CONVERSION = YES;
				CLANG_WARN_INFINITE_RECURSION = YES;
				CLANG_WARN_INT_CONVERSION = YES;
				CLANG_WARN_NON_LITERAL_NULL_CONVERSION = YES;
				CLANG_WARN_OBJC_IMPLICIT_RETAIN_SELF = YES;
				CLANG_WARN_OBJC_LITERAL_CONVERSION = YES;
				CLANG_WARN_OBJC_ROOT_CLASS = YES_ERROR;
				CLANG_WARN_QUOTED_INCLUDE_IN_FRAMEWORK_HEADER = YES;
				CLANG_WARN_RANGE_LOOP_ANALYSIS = YES;
				CLANG_WARN_STRICT_PROTOTYPES = YES;
				CLANG_WARN_SUSPICIOUS_MOVE = YES;
				CLANG_WARN_UNGUARDED_AVAILABILITY = YES_AGGRESSIVE;
				CLANG_WARN_UNREACHABLE_CODE = YES;
				CLANG_WARN__DUPLICATE_METHOD_MATCH = YES;
				COPY_PHASE_STRIP = NO;
				DEBUG_INFORMATION_FORMAT = dwarf;
				ENABLE_STRICT_OBJC_MSGSEND = YES;
				ENABLE_TESTABILITY = YES;
				GCC_C_LANGUAGE_STANDARD = gnu11;
				GCC_DYNAMIC_NO_PIC = NO;
				GCC_NO_COMMON_BLOCKS = YES;
				GCC_OPTIMIZATION_LEVEL = 0;
				GCC_PREPROCESSOR_DEFINITIONS = (
					"$(inherited)",
					"DEBUG=1",
				);
				GCC_WARN_64_TO_32_BIT_CONVERSION = YES;
				GCC_WARN_ABOUT_RETURN_TYPE = YES_ERROR;
				GCC_WARN_UNDECLARED_SELECTOR = YES;
				GCC_WARN_UNINITIALIZED_AUTOS = YES_AGGRESSIVE;
				GCC_WARN_UNUSED_FUNCTION = YES;
				GCC_WARN_UNUSED_VARIABLE = YES;
				MACOSX_DEPLOYMENT_TARGET = 13.0;
				MTL_ENABLE_DEBUG_INFO = INCLUDE_SOURCE;
				MTL_FAST_MATH = YES;
				ONLY_ACTIVE_ARCH = YES;
				PRODUCT_NAME = "$(TARGET_NAME)";
				SDKROOT = macosx;
				SWIFT_ACTIVE_COMPILATION_CONDITIONS = DEBUG;
				SWIFT_OPTIMIZATION_LEVEL = "-Onone";
				SWIFT_VERSION = 5.0;
			};
			name = Debug;
		};
		FDBCFCDB08552FCB5749A358 /* Debug */ = {
			isa = XCBuildConfiguration;
			buildSettings = {
				BUNDLE_LOADER = "$(TEST_HOST)";
				COMBINE_HIDPI_IMAGES = YES;
				GENERATE_INFOPLIST_FILE = YES;
				LD_RUNPATH_SEARCH_PATHS = (
					"$(inherited)",
					"@executable_path/../Frameworks",
					"@loader_path/../Frameworks",
				);
				MACOSX_DEPLOYMENT_TARGET = 14.0;
				PRODUCT_BUNDLE_IDENTIFIER = app.pickleformac.pickleTests;
				SDKROOT = macosx;
				TEST_HOST = "$(BUILT_PRODUCTS_DIR)/Pickle.app/Contents/MacOS/Pickle";
			};
			name = Debug;
		};
/* End XCBuildConfiguration section */

/* Begin XCConfigurationList section */
		19616F8D2228D380F532A121 /* Build configuration list for PBXNativeTarget "Pickle" */ = {
			isa = XCConfigurationList;
			buildConfigurations = (
				4680DBC6076EE40DA9F25EED /* Debug */,
				3954CBBA58120A29937EF179 /* Release */,
			);
			defaultConfigurationIsVisible = 0;
			defaultConfigurationName = Debug;
		};
		858CF7F293620E860635766B /* Build configuration list for PBXProject "Pickle" */ = {
			isa = XCConfigurationList;
			buildConfigurations = (
				663E9858642D4A5A832EB98B /* Debug */,
				18398DCFA98DB8156EFA1F3C /* Release */,
			);
			defaultConfigurationIsVisible = 0;
			defaultConfigurationName = Debug;
		};
		EAB6077902260AE373D07F85 /* Build configuration list for PBXNativeTarget "PickleTests" */ = {
			isa = XCConfigurationList;
			buildConfigurations = (
				FDBCFCDB08552FCB5749A358 /* Debug */,
				37CB2D3F58C24FD6D6F71780 /* Release */,
			);
			defaultConfigurationIsVisible = 0;
			defaultConfigurationName = Debug;
		};
/* End XCConfigurationList section */

/* Begin XCRemoteSwiftPackageReference section */
		6BF3A199A58F66EACFC5BD5F /* XCRemoteSwiftPackageReference "SwiftSDK" */ = {
			isa = XCRemoteSwiftPackageReference;
			repositoryURL = "https://github.com/TelemetryDeck/SwiftSDK";
			requirement = {
				kind = upToNextMajorVersion;
				minimumVersion = 2.3.0;
			};
		};
/* End XCRemoteSwiftPackageReference section */

/* Begin XCSwiftPackageProductDependency section */
		2CAC7442391BC7A3EBC53C03 /* TelemetryDeck */ = {
			isa = XCSwiftPackageProductDependency;
			package = 6BF3A199A58F66EACFC5BD5F /* XCRemoteSwiftPackageReference "SwiftSDK" */;
			productName = TelemetryDeck;
		};
/* End XCSwiftPackageProductDependency section */
	};
	rootObject = 3FB8EC58C02ECBE1D2074A2B /* Project object */;
}
